
Microsoft Visual Studio Solution File, Format Version 12.00
# Visual Studio Version 16
VisualStudioVersion = 16.0.30804.86
MinimumVisualStudioVersion = 10.0.40219.1
Project("{FAE04EC0-301F-11D3-BF4B-00C04F79EFBC}") = "BigSchool1", "BigSchool1\BigSchool1.csproj", "{A122B255-290C-421D-B5E5-9830C3AB1A79}"
EndProject
Global
	GlobalSection(SolutionConfigurationPlatforms) = preSolution
		Debug|Any CPU = Debug|Any CPU
		Release|Any CPU = Release|Any CPU
	EndGlobalSection
	GlobalSection(ProjectConfigurationPlatforms) = postSolution
		{A122B255-290C-421D-B5E5-9830C3AB1A79}.Debug|Any CPU.ActiveCfg = Debug|Any CPU
		{A122B255-290C-421D-B5E5-9830C3AB1A79}.Debug|Any CPU.Build.0 = Debug|Any CPU
		{A122B255-290C-421D-B5E5-9830C3AB1A79}.Release|Any CPU.ActiveCfg = Release|Any CPU
		{A122B255-290C-421D-B5E5-9830C3AB1A79}.Release|Any CPU.Build.0 = Release|Any CPU
	EndGlobalSection
	GlobalSection(SolutionProperties) = preSolution
		HideSolutionNode = FALSE
	EndGlobalSection
	GlobalSection(ExtensibilityGlobals) = postSolution
		SolutionGuid = {59CDBF66-B9F9-49BD-8CDE-3C67BA2F5E48}
	EndGlobalSection
EndGlobal
